
Microsoft Visual Studio Solution File, Format Version 12.00
# Visual Studio Version 17
VisualStudioVersion = 17.14.36310.24
MinimumVisualStudioVersion = 10.0.40219.1
Project("{FAE04EC0-301F-11D3-BF4B-00C04F79EFBC}") = "CryptoCurR", "CryptoCurR\CryptoCurR.csproj", "{AD2FD699-A0BE-476C-BECA-42FD00054B64}"
EndProject
Project("{FAE04EC0-301F-11D3-BF4B-00C04F79EFBC}") = "CryptoCurR.Tests", "CryptoCurR.Tests\CryptoCurR.Tests.csproj", "{F7B96AC6-2E43-484F-87FD-033153C56281}"
EndProject
Global
	GlobalSection(SolutionConfigurationPlatforms) = preSolution
		Debug|Any CPU = Debug|Any CPU
		Release|Any CPU = Release|Any CPU
	EndGlobalSection
	GlobalSection(ProjectConfigurationPlatforms) = postSolution
		{AD2FD699-A0BE-476C-BECA-42FD00054B64}.Debug|Any CPU.ActiveCfg = Debug|Any CPU
		{AD2FD699-A0BE-476C-BECA-42FD00054B64}.Debug|Any CPU.Build.0 = Debug|Any CPU
		{AD2FD699-A0BE-476C-BECA-42FD00054B64}.Release|Any CPU.ActiveCfg = Release|Any CPU
		{AD2FD699-A0BE-476C-BECA-42FD00054B64}.Release|Any CPU.Build.0 = Release|Any CPU
		{F7B96AC6-2E43-484F-87FD-033153C56281}.Debug|Any CPU.ActiveCfg = Debug|Any CPU
		{F7B96AC6-2E43-484F-87FD-033153C56281}.Debug|Any CPU.Build.0 = Debug|Any CPU
		{F7B96AC6-2E43-484F-87FD-033153C56281}.Release|Any CPU.ActiveCfg = Release|Any CPU
		{F7B96AC6-2E43-484F-87FD-033153C56281}.Release|Any CPU.Build.0 = Release|Any CPU
	EndGlobalSection
	GlobalSection(SolutionProperties) = preSolution
		HideSolutionNode = FALSE
	EndGlobalSection
	GlobalSection(ExtensibilityGlobals) = postSolution
		SolutionGuid = {DE271397-BD15-4CCB-8725-BDEA2F153C9B}
	EndGlobalSection
EndGlobal
